
Microsoft Visual Studio Solution File, Format Version 12.00
Project("{FAE04EC0-301F-11D3-BF4B-00C04F79EFBC}") = "AiryPayNew.Discord", "src\AiryPayNew.Discord\AiryPayNew.Discord.csproj", "{3F9D0E18-4C26-4638-AA0C-086F00B59CE4}"
EndProject
Project("{2150E333-8FDC-42A3-9474-1A3956D46DE8}") = "Solution Items", "Solution Items", "{6CC792F1-641B-402F-BADB-13CF5C73C3C6}"
	ProjectSection(SolutionItems) = preProject
		docker-compose.yml = docker-compose.yml
		.gitignore = .gitignore
		.env = .env
		README.md = README.md
		.github\workflows\main.yml = .github\workflows\main.yml
	EndProjectSection
EndProject
Project("{FAE04EC0-301F-11D3-BF4B-00C04F79EFBC}") = "src\AiryPayNew.Application", "src\AiryPayNew.Application\AiryPayNew.Application.csproj", "{FDC28544-9AAC-4027-A486-C3878C6C92B2}"
EndProject
Project("{FAE04EC0-301F-11D3-BF4B-00C04F79EFBC}") = "src\AiryPayNew.Domain", "src\AiryPayNew.Domain\AiryPayNew.Domain.csproj", "{483D77A3-BC41-4E90-A7C1-97C9A8B9181B}"
EndProject
Project("{FAE04EC0-301F-11D3-BF4B-00C04F79EFBC}") = "AiryPayNew.Infrastructure", "src\AiryPayNew.Infrastructure\AiryPayNew.Infrastructure.csproj", "{17DA4D70-00AE-47AB-B1F4-FCAFB4C81446}"
EndProject
Project("{2150E333-8FDC-42A3-9474-1A3956D46DE8}") = "src", "src", "{3CFD7F44-468E-4631-B0E9-3CDDEDAA8F6E}"
EndProject
Project("{2150E333-8FDC-42A3-9474-1A3956D46DE8}") = "tests", "tests", "{CE06FC30-C50C-469E-91C2-69C1942C7086}"
EndProject
Project("{FAE04EC0-301F-11D3-BF4B-00C04F79EFBC}") = "AiryPayNew.Tests.Architecture", "tests\AiryPayNew.Tests.Architecture\AiryPayNew.Tests.Architecture.csproj", "{A02B1565-1491-4B74-9D0D-D65F4C5FD25F}"
EndProject
Project("{FAE04EC0-301F-11D3-BF4B-00C04F79EFBC}") = "AiryPayNew.Shared", "src\AiryPayNew.Shared\AiryPayNew.Shared.csproj", "{AD21B335-4B4F-40E7-9DF9-6857BBE8FF02}"
EndProject
Project("{FAE04EC0-301F-11D3-BF4B-00C04F79EFBC}") = "AiryPayNew.Tests.Application", "tests\AiryPayNew.Tests.Application\AiryPayNew.Tests.Application.csproj", "{74463CFA-4FED-42A8-9098-3FEA373FB136}"
EndProject
Project("{2150E333-8FDC-42A3-9474-1A3956D46DE8}") = "Core", "Core", "{E16F4179-02CE-44BB-B0DB-87CA763FAA0A}"
EndProject
Project("{2150E333-8FDC-42A3-9474-1A3956D46DE8}") = "External", "External", "{6CF7911D-7D09-4A3F-A148-E1337C6AD8ED}"
EndProject
Global
	GlobalSection(SolutionConfigurationPlatforms) = preSolution
		Debug|Any CPU = Debug|Any CPU
		Release|Any CPU = Release|Any CPU
	EndGlobalSection
	GlobalSection(ProjectConfigurationPlatforms) = postSolution
		{3F9D0E18-4C26-4638-AA0C-086F00B59CE4}.Debug|Any CPU.ActiveCfg = Debug|Any CPU
		{3F9D0E18-4C26-4638-AA0C-086F00B59CE4}.Debug|Any CPU.Build.0 = Debug|Any CPU
		{3F9D0E18-4C26-4638-AA0C-086F00B59CE4}.Release|Any CPU.ActiveCfg = Release|Any CPU
		{3F9D0E18-4C26-4638-AA0C-086F00B59CE4}.Release|Any CPU.Build.0 = Release|Any CPU
		{FDC28544-9AAC-4027-A486-C3878C6C92B2}.Debug|Any CPU.ActiveCfg = Debug|Any CPU
		{FDC28544-9AAC-4027-A486-C3878C6C92B2}.Debug|Any CPU.Build.0 = Debug|Any CPU
		{FDC28544-9AAC-4027-A486-C3878C6C92B2}.Release|Any CPU.ActiveCfg = Release|Any CPU
		{FDC28544-9AAC-4027-A486-C3878C6C92B2}.Release|Any CPU.Build.0 = Release|Any CPU
		{483D77A3-BC41-4E90-A7C1-97C9A8B9181B}.Debug|Any CPU.ActiveCfg = Debug|Any CPU
		{483D77A3-BC41-4E90-A7C1-97C9A8B9181B}.Debug|Any CPU.Build.0 = Debug|Any CPU
		{483D77A3-BC41-4E90-A7C1-97C9A8B9181B}.Release|Any CPU.ActiveCfg = Release|Any CPU
		{483D77A3-BC41-4E90-A7C1-97C9A8B9181B}.Release|Any CPU.Build.0 = Release|Any CPU
		{17DA4D70-00AE-47AB-B1F4-FCAFB4C81446}.Debug|Any CPU.ActiveCfg = Debug|Any CPU
		{17DA4D70-00AE-47AB-B1F4-FCAFB4C81446}.Debug|Any CPU.Build.0 = Debug|Any CPU
		{17DA4D70-00AE-47AB-B1F4-FCAFB4C81446}.Release|Any CPU.ActiveCfg = Release|Any CPU
		{17DA4D70-00AE-47AB-B1F4-FCAFB4C81446}.Release|Any CPU.Build.0 = Release|Any CPU
		{A02B1565-1491-4B74-9D0D-D65F4C5FD25F}.Debug|Any CPU.ActiveCfg = Debug|Any CPU
		{A02B1565-1491-4B74-9D0D-D65F4C5FD25F}.Debug|Any CPU.Build.0 = Debug|Any CPU
		{A02B1565-1491-4B74-9D0D-D65F4C5FD25F}.Release|Any CPU.ActiveCfg = Release|Any CPU
		{A02B1565-1491-4B74-9D0D-D65F4C5FD25F}.Release|Any CPU.Build.0 = Release|Any CPU
		{AD21B335-4B4F-40E7-9DF9-6857BBE8FF02}.Debug|Any CPU.ActiveCfg = Debug|Any CPU
		{AD21B335-4B4F-40E7-9DF9-6857BBE8FF02}.Debug|Any CPU.Build.0 = Debug|Any CPU
		{AD21B335-4B4F-40E7-9DF9-6857BBE8FF02}.Release|Any CPU.ActiveCfg = Release|Any CPU
		{AD21B335-4B4F-40E7-9DF9-6857BBE8FF02}.Release|Any CPU.Build.0 = Release|Any CPU
		{74463CFA-4FED-42A8-9098-3FEA373FB136}.Debug|Any CPU.ActiveCfg = Debug|Any CPU
		{74463CFA-4FED-42A8-9098-3FEA373FB136}.Debug|Any CPU.Build.0 = Debug|Any CPU
		{74463CFA-4FED-42A8-9098-3FEA373FB136}.Release|Any CPU.ActiveCfg = Release|Any CPU
		{74463CFA-4FED-42A8-9098-3FEA373FB136}.Release|Any CPU.Build.0 = Release|Any CPU
	EndGlobalSection
	GlobalSection(NestedProjects) = preSolution
		{A02B1565-1491-4B74-9D0D-D65F4C5FD25F} = {CE06FC30-C50C-469E-91C2-69C1942C7086}
		{AD21B335-4B4F-40E7-9DF9-6857BBE8FF02} = {3CFD7F44-468E-4631-B0E9-3CDDEDAA8F6E}
		{74463CFA-4FED-42A8-9098-3FEA373FB136} = {CE06FC30-C50C-469E-91C2-69C1942C7086}
		{E16F4179-02CE-44BB-B0DB-87CA763FAA0A} = {3CFD7F44-468E-4631-B0E9-3CDDEDAA8F6E}
		{6CF7911D-7D09-4A3F-A148-E1337C6AD8ED} = {3CFD7F44-468E-4631-B0E9-3CDDEDAA8F6E}
		{FDC28544-9AAC-4027-A486-C3878C6C92B2} = {E16F4179-02CE-44BB-B0DB-87CA763FAA0A}
		{483D77A3-BC41-4E90-A7C1-97C9A8B9181B} = {E16F4179-02CE-44BB-B0DB-87CA763FAA0A}
		{17DA4D70-00AE-47AB-B1F4-FCAFB4C81446} = {6CF7911D-7D09-4A3F-A148-E1337C6AD8ED}
		{3F9D0E18-4C26-4638-AA0C-086F00B59CE4} = {6CF7911D-7D09-4A3F-A148-E1337C6AD8ED}
	EndGlobalSection
EndGlobal
